
Microsoft Visual Studio Solution File, Format Version 12.00
# Visual Studio Version 17
VisualStudioVersion = 17.14.36401.2 d17.14
MinimumVisualStudioVersion = 10.0.40219.1
Project("{FAE04EC0-301F-11D3-BF4B-00C04F79EFBC}") = "TempleOsrsAPIWrapper", "TempleOsrsAPIWrapper\TempleOsrsAPIWrapper.csproj", "{1782A845-6413-4869-8FCE-7984D7BD5CF3}"
EndProject
Global
	GlobalSection(SolutionConfigurationPlatforms) = preSolution
		Debug|Any CPU = Debug|Any CPU
		Release|Any CPU = Release|Any CPU
	EndGlobalSection
	GlobalSection(ProjectConfigurationPlatforms) = postSolution
		{1782A845-6413-4869-8FCE-7984D7BD5CF3}.Debug|Any CPU.ActiveCfg = Debug|Any CPU
		{1782A845-6413-4869-8FCE-7984D7BD5CF3}.Debug|Any CPU.Build.0 = Debug|Any CPU
		{1782A845-6413-4869-8FCE-7984D7BD5CF3}.Release|Any CPU.ActiveCfg = Release|Any CPU
		{1782A845-6413-4869-8FCE-7984D7BD5CF3}.Release|Any CPU.Build.0 = Release|Any CPU
	EndGlobalSection
	GlobalSection(SolutionProperties) = preSolution
		HideSolutionNode = FALSE
	EndGlobalSection
	GlobalSection(ExtensibilityGlobals) = postSolution
		SolutionGuid = {5B7FF5E3-42CB-40B0-9C66-3F732529BFD0}
	EndGlobalSection
EndGlobal
